{
    "_meta": {
        "hash": {
            "sha256": "ccd79f1d7ca0e36285887db879535b93b40b0811d1adacb4d64ad559aeb8b914"
        },
        "pipfile-spec": 6,
        "requires": {
            "python_version": "3"
        },
        "sources": [
            {
                "name": "pypi",
                "url": "https://pypi.org/simple",
                "verify_ssl": true
            }
        ]
    },
    "default": {
        "avro": {
            "hashes": [
                "sha256:8f9ee40830b70b5fb52a419711c9c4ad0336443a6fba7335060805f961b04b59"
            ],
            "index": "pypi",
            "version": "==1.8.2"
        },
        "certifi": {
            "hashes": [
                "sha256:339dc09518b07e2fa7eda5450740925974815557727d6bd35d319c1524a04a4c",
                "sha256:6d58c986d22b038c8c0df30d639f23a3e6d172a05c3583e766f4c0b785c0986a"
            ],
            "version": "==2018.10.15"
        },
        "chardet": {
            "hashes": [
                "sha256:84ab92ed1c4d4f16916e05906b6b75a6c0fb5db821cc65e70cbd64a3e2a5eaae",
                "sha256:fc323ffcaeaed0e0a02bf4d117757b98aed530d9ed4531e3e15460124c106691"
            ],
            "version": "==3.0.4"
        },
        "confluent-kafka": {
            "hashes": [
                "sha256:1468028c553117a3f7799cf47bbf43c13b90736de32f6f24871da3a17083cfc4",
                "sha256:162ee73f30d4ba96476705faef8969e1d5ffeec335c576db949ab034807e3d6d",
                "sha256:1696927c59d4212adc974f90c2de2cfcd44ea24bb7428ff7fcaf88b1c81f2769",
                "sha256:1fd414e4bbf98602b98bd092c5b7585c1f8173a0a62832ae802d901da5a44252",
                "sha256:20b43aa5c542ec57840f33a4d2512da7f099dea4cd5366e7a1662db417d84d9d",
                "sha256:229c69710f36d70c64a2271cd1035b2c45fde0972e6759152e6c81ca5d6a6ace",
                "sha256:2beccdb3f819b6f37159a787fce269d15f7473336e623ea9fe093784ba21b0b7",
                "sha256:32be579922946e5c1befcb32cc1a2b448d93b44708602002494ade57f3feb6b5",
                "sha256:3c736617537c1797091482cf454b07b935d194b45b116ff995ec5fd9c163e4d8",
                "sha256:3d8c0aefeabfb73bdf0b7247715a74bb257f583a700cf09944fa9cbeb3d31f41",
                "sha256:4e2e35d73198ac57d424c09da398f5d7efef73e59907f3be948214df57d0b96c",
                "sha256:542086d98e9d21a2be3c6481b54d753c5d81c08ad701c551ece7b7bdcc984806",
                "sha256:6b2fbbc2b1f019a43dc77574bcda49c65a1e134c4d46222d28ab31c36a424af1",
                "sha256:7e8ab0528b2145ff26866b04eea1b455cc3f42e47c3cc23c150448f72061e65f",
                "sha256:8432302760f40f3622e33057b8be8fc0827d54a4e126fb49a15344fd6dfcc4c6",
                "sha256:ab8aeed39d71f03ef3fa0f900a64455f4cf88948d02eb0b0a4b3deff603c396d",
                "sha256:ad2a8b19878a231537922d90e7074ab3767cfd640c66d1cacff05065c3736e24",
                "sha256:b23f4971284936468dbd77906f732b7400da0abfc450c89d1258869c882e58f9",
                "sha256:d1a4768ab3a94e64fc43374c6acaec2bcaae874bd73919ba563e6b86e9766744",
                "sha256:d25522f009784c044018f67a99ef39e6b38928d9f03b91325b941c58f3f23c6c",
                "sha256:e1bef3f5861de4fb2d3f4ecb9028faf48885432e90ad31749f5adb4e608b135f",
                "sha256:f607294ad8222ca1164b0a34a26cbf7b66b9299dae1a98742bf1876a0a64fb64",
                "sha256:fa0693acb4f70542ccd6a9cbf4430fde864511e83e898a4905a12ea1cf7d3d29",
                "sha256:fbbdf9de3e373cc9a7ae6e0f2edeb7a00db9efc4892e62db38c4d869543d0aa6",
                "sha256:fcb1d47d6dde313115a22224b3a4d369cf2a5330647bcfd87ac22ad2c0b8ec53"
            ],
            "index": "pypi",
            "version": "==0.11.6"
        },
        "cycler": {
            "hashes": [
                "sha256:1d8a5ae1ff6c5cf9b93e8811e581232ad8920aeec647c37316ceac982b08cb2d",
                "sha256:cd7b2d1018258d7247a71425e9f26463dfb444d411c39569972f4ce586b0c9d8"
            ],
            "version": "==0.10.0"
        },
        "cython": {
            "hashes": [
                "sha256:019008a69e6b7c102f2ed3d733a288d1784363802b437dd2b91e6256b12746da",
                "sha256:1441fe19c56c90b8c2159d7b861c31a134d543ef7886fd82a5d267f9f11f35ac",
                "sha256:1d1a5e9d6ed415e75a676b72200ad67082242ec4d2d76eb7446da255ae72d3f7",
                "sha256:339f5b985de3662b1d6c69991ab46fdbdc736feb4ac903ef6b8c00e14d87f4d8",
                "sha256:35bdf3f48535891fee2eaade70e91d5b2cc1ee9fc2a551847c7ec18bce55a92c",
                "sha256:3d0afba0aec878639608f013045697fb0969ff60b3aea2daec771ea8d01ad112",
                "sha256:42c53786806e24569571a7a24ebe78ec6b364fe53e79a3f27eddd573cacd398f",
                "sha256:48b919da89614d201e72fbd8247b5ae8881e296cf968feb5595a015a14c67f1f",
                "sha256:49906e008eeb91912654a36c200566392bd448b87a529086694053a280f8af2d",
                "sha256:49fc01a7c9c4e3c1784e9a15d162c2cac3990fcc28728227a6f8f0837aabda7c",
                "sha256:501b671b639b9ca17ad303f8807deb1d0ff754d1dab106f2607d14b53cb0ff0b",
                "sha256:5574574142364804423ab4428bd331a05c65f7ecfd31ac97c936f0c720fe6a53",
                "sha256:6092239a772b3c6604be9e94b9ab4f0dacb7452e8ad299fd97eae0611355b679",
                "sha256:71ff5c7632501c4f60edb8a24fd0a772e04c5bdca2856d978d04271b63666ef7",
                "sha256:7dcf2ad14e25b05eda8bdd104f8c03a642a384aeefd25a5b51deac0826e646fa",
                "sha256:8ca3a99f5a7443a6a8f83a5d8fcc11854b44e6907e92ba8640d8a8f7b9085e21",
                "sha256:927da3b5710fb705aab173ad630b45a4a04c78e63dcd89411a065b2fe60e4770",
                "sha256:94916d1ede67682638d3cc0feb10648ff14dc51fb7a7f147f4fedce78eaaea97",
                "sha256:a3e5e5ca325527d312cdb12a4dab8b0459c458cad1c738c6f019d0d8d147081c",
                "sha256:a7716a98f0b9b8f61ddb2bae7997daf546ac8fc594be6ba397f4bde7d76bfc62",
                "sha256:acf10d1054de92af8d5bfc6620bb79b85f04c98214b4da7db77525bfa9fc2a89",
                "sha256:de46ffb67e723975f5acab101c5235747af1e84fbbc89bf3533e2ea93fb26947",
                "sha256:df428969154a9a4cd9748c7e6efd18432111fbea3d700f7376046c38c5e27081",
                "sha256:f5ebf24b599caf466f9da8c4115398d663b2567b89e92f58a835e9da4f74669f",
                "sha256:f79e45d5c122c4fb1fd54029bf1d475cecc05f4ed5b68136b0d6ec268bae68b6",
                "sha256:f7a43097d143bd7846ffba6d2d8cd1cc97f233318dbd0f50a235ea01297a096b",
                "sha256:fceb8271bc2fd3477094ca157c824e8ea840a7b393e89e766eea9a3b9ce7e0c6",
                "sha256:ff919ceb40259f5332db43803aa6c22ff487e86036ce3921ae04b9185efc99a4"
            ],
            "index": "pypi",
            "version": "==0.29"
        },
        "decorator": {
            "hashes": [
                "sha256:2c51dff8ef3c447388fe5e4453d24a2bf128d3a4c32af3fabef1f01c6851ab82",
                "sha256:c39efa13fbdeb4506c476c9b3babf6a718da943dab7811c206005a4a956c080c"
            ],
            "version": "==4.3.0"
        },
        "dill": {
            "hashes": [
                "sha256:624dc244b94371bb2d6e7f40084228a2edfff02373fe20e018bef1ee92fdd5b3"
            ],
            "version": "==0.2.8.2"
        },
        "fastavro": {
            "hashes": [
                "sha256:085ae538838d2d7aec0bf331956724ba42e27d4a664b4a019d8c2f629a10ca1e",
                "sha256:1c236ac44c779126cb46803b18d6c6b82850a8447355bbcbaaf0f6e322218c91",
                "sha256:1fe6e4a4021c07134e7e86eed48f8ea0b217116cea325de3665b8c95bcda4246",
                "sha256:3a2f293fa5b325f03a093b5514791d11beca3af3cc64dfeb3391a03f06a7563b",
                "sha256:6e48ae15fc5c2752bc84e08315c059541a53ec370a74a2b309cab3059c6af86c",
                "sha256:77d1a92916d32805e98e90e0bd8c1c182f472201bb6083c6f8063dad522789df",
                "sha256:84807a06830ae2af736afb122f243afb36e414855f0b0e3014973446e0433473",
                "sha256:876d1f20558336dd0f8988ea4b2a49fc8c39988b3e2e4d7ae92db0f2610c1bbf",
                "sha256:a38405de9acb9f45bd3647f1fb2049bd613815a1d387ca34c2c2cfabbccea5f9",
                "sha256:a3bd403a9085f9d59cdff6c5359d3b8aa30b50754fa695a7b6f20ec220646bb5",
                "sha256:b3dc4e7f49bf55e1da1b77f5d0fa3ea4c38ef0599db411624eb8d96a2799a239",
                "sha256:b71dd275e0bc959de91e27d90ffd999a4e8509066851dcb376d373b4f4cecc8a",
                "sha256:c366c36cdb89bf09e4bf7ea53ca16f21a06eaf49f75bf1d75f1f2d964e4cee4c",
                "sha256:cb98874363ddeaae860edf4270e52501704927956c04a7ed7a2978c99f1a6dd5",
                "sha256:e355b25846e75ffded0c60c7f04bd082e6bb0fd83b33a7745248ff7205e30130",
                "sha256:e52475a3f3446bb6fdf44291fe32b2a4491be22c53cc846e56c0764cab013932"
            ],
            "index": "pypi",
            "version": "==0.21.12"
        },
        "future": {
            "hashes": [
                "sha256:67045236dcfd6816dc439556d009594abf643e5eb48992e36beac09c2ca659b8"
            ],
            "index": "pypi",
            "version": "==0.17.1"
        },
        "idna": {
            "hashes": [
                "sha256:156a6814fb5ac1fc6850fb002e0852d56c0c8d2531923a51032d1b70760e186e",
                "sha256:684a38a6f903c1d71d6d5fac066b58d7768af4de2b832e426ec79c30daa94a16"
            ],
            "version": "==2.7"
        },
        "kafka": {
            "hashes": [
                "sha256:35a49e9a432f6792aad48b2ab09d03867357aaa06eacba2678b7fd0808156e5c",
                "sha256:ffb3348cd918c31344b1a2eb61f692cbc423c83b1b06466a86de3db8a3f6a018"
            ],
            "index": "pypi",
            "version": "==1.3.5"
        },
        "kiwisolver": {
            "hashes": [
                "sha256:0ee4ed8b3ae8f5f712b0aa9ebd2858b5b232f1b9a96b0943dceb34df2a223bc3",
                "sha256:0f7f532f3c94e99545a29f4c3f05637f4d2713e7fd91b4dd8abfc18340b86cd5",
                "sha256:1a078f5dd7e99317098f0e0d490257fd0349d79363e8c923d5bb76428f318421",
                "sha256:1aa0b55a0eb1bd3fa82e704f44fb8f16e26702af1a073cc5030eea399e617b56",
                "sha256:2874060b91e131ceeff00574b7c2140749c9355817a4ed498e82a4ffa308ecbc",
                "sha256:379d97783ba8d2934d52221c833407f20ca287b36d949b4bba6c75274bcf6363",
                "sha256:3b791ddf2aefc56382aadc26ea5b352e86a2921e4e85c31c1f770f527eb06ce4",
                "sha256:4329008a167fac233e398e8a600d1b91539dc33c5a3eadee84c0d4b04d4494fa",
                "sha256:45813e0873bbb679334a161b28cb9606d9665e70561fd6caa8863e279b5e464b",
                "sha256:53a5b27e6b5717bdc0125338a822605084054c80f382051fb945d2c0e6899a20",
                "sha256:574f24b9805cb1c72d02b9f7749aa0cc0b81aa82571be5201aa1453190390ae5",
                "sha256:66f82819ff47fa67a11540da96966fb9245504b7f496034f534b81cacf333861",
                "sha256:79e5fe3ccd5144ae80777e12973027bd2f4f5e3ae8eb286cabe787bed9780138",
                "sha256:83410258eb886f3456714eea4d4304db3a1fc8624623fc3f38a487ab36c0f653",
                "sha256:8b6a7b596ce1d2a6d93c3562f1178ebd3b7bb445b3b0dd33b09f9255e312a965",
                "sha256:9576cb63897fbfa69df60f994082c3f4b8e6adb49cccb60efb2a80a208e6f996",
                "sha256:95a25d9f3449046ecbe9065be8f8380c03c56081bc5d41fe0fb964aaa30b2195",
                "sha256:a424f048bebc4476620e77f3e4d1f282920cef9bc376ba16d0b8fe97eec87cde",
                "sha256:aaec1cfd94f4f3e9a25e144d5b0ed1eb8a9596ec36d7318a504d813412563a85",
                "sha256:acb673eecbae089ea3be3dcf75bfe45fc8d4dcdc951e27d8691887963cf421c7",
                "sha256:b15bc8d2c2848a4a7c04f76c9b3dc3561e95d4dabc6b4f24bfabe5fd81a0b14f",
                "sha256:b1c240d565e977d80c0083404c01e4d59c5772c977fae2c483f100567f50847b",
                "sha256:c595693de998461bcd49b8d20568c8870b3209b8ea323b2a7b0ea86d85864694",
                "sha256:ce3be5d520b4d2c3e5eeb4cd2ef62b9b9ab8ac6b6fedbaa0e39cdb6f50644278",
                "sha256:e0f910f84b35c36a3513b96d816e6442ae138862257ae18a0019d2fc67b041dc",
                "sha256:ea36e19ac0a483eea239320aef0bd40702404ff8c7e42179a2d9d36c5afcb55c",
                "sha256:efabbcd4f406b532206b8801058c8bab9e79645b9880329253ae3322b7b02cd5",
                "sha256:f923406e6b32c86309261b8195e24e18b6a8801df0cfc7814ac44017bfcb3939"
            ],
            "version": "==1.0.1"
        },
        "lxml": {
            "hashes": [
                "sha256:02bc220d61f46e9b9d5a53c361ef95e9f5e1d27171cd461dddb17677ae2289a5",
                "sha256:22f253b542a342755f6cfc047fe4d3a296515cf9b542bc6e261af45a80b8caf6",
                "sha256:2f31145c7ff665b330919bfa44aacd3a0211a76ca7e7b441039d2a0b0451e415",
                "sha256:36720698c29e7a9626a0dc802ef8885f8f0239bfd1689628ecd459a061f2807f",
                "sha256:438a1b0203545521f6616132bfe0f4bca86f8a401364008b30e2b26ec408ce85",
                "sha256:4815892904c336bbaf73dafd54f45f69f4021c22b5bad7332176bbf4fb830568",
                "sha256:5be031b0f15ad63910d8e5038b489d95a79929513b3634ad4babf77100602588",
                "sha256:5c93ae37c3c588e829b037fdfbd64a6e40c901d3f93f7beed6d724c44829a3ad",
                "sha256:60842230678674cdac4a1cf0f707ef12d75b9a4fc4a565add4f710b5fcf185d5",
                "sha256:62939a8bb6758d1bf923aa1c13f0bcfa9bf5b2fc0f5fa917a6e25db5fe0cfa4e",
                "sha256:75830c06a62fe7b8fe3bbb5f269f0b308f19f3949ac81cfd40062f47c1455faf",
                "sha256:81992565b74332c7c1aff6a913a3e906771aa81c9d0c68c68113cffcae45bc53",
                "sha256:8c892fb0ee52c594d9a7751c7d7356056a9682674b92cc1c4dc968ff0f30c52f",
                "sha256:9d862e3cf4fc1f2837dedce9c42269c8c76d027e49820a548ac89fdcee1e361f",
                "sha256:a623965c086a6e91bb703d4da62dabe59fe88888e82c4117d544e11fd74835d6",
                "sha256:a7783ab7f6a508b0510490cef9f857b763d796ba7476d9703f89722928d1e113",
                "sha256:aab09fbe8abfa3b9ce62aaf45aca2d28726b1b9ee44871dbe644050a2fff4940",
                "sha256:abf181934ac3ef193832fb973fd7f6149b5c531903c2ec0f1220941d73eee601",
                "sha256:ae07fa0c115733fce1e9da96a3ac3fa24801742ca17e917e0c79d63a01eeb843",
                "sha256:b9c78242219f674ab645ec571c9a95d70f381319a23911941cd2358a8e0521cf",
                "sha256:bccb267678b870d9782c3b44d0cefe3ba0e329f9af8c946d32bf3778e7a4f271",
                "sha256:c4df4d27f4c93b2cef74579f00b1d3a31a929c7d8023f870c4b476f03a274db4",
                "sha256:caf0e50b546bb60dfa99bb18dfa6748458a83131ecdceaf5c071d74907e7e78a",
                "sha256:d3266bd3ac59ac4edcd5fa75165dee80b94a3e5c91049df5f7c057ccf097551c",
                "sha256:db0d213987bcd4e6d41710fb4532b22315b0d8fb439ff901782234456556aed1",
                "sha256:dbbd5cf7690a40a9f0a9325ab480d0fccf46d16b378eefc08e195d84299bfae1",
                "sha256:e16e07a0ec3a75b5ee61f2b1003c35696738f937dc8148fbda9fe2147ccb6e61",
                "sha256:e175a006725c7faadbe69e791877d09936c0ef2cf49d01b60a6c1efcb0e8be6f",
                "sha256:edd9c13a97f6550f9da2236126bb51c092b3b1ce6187f2bd966533ad794bbb5e",
                "sha256:fa39ea60d527fbdd94215b5e5552f1c6a912624521093f1384a491a8ad89ad8b"
            ],
            "index": "pypi",
            "version": "==4.2.5"
        },
        "matplotlib": {
            "hashes": [
                "sha256:66a6b7264fb200dd217ebc95c53d59b5e5fa8cac6b8a650a50ed05438667ff32",
                "sha256:69ff0d7139f3886be552ff29478c886b461081c0afb3a3ad46afb1a445bae722",
                "sha256:70f8782c50ac2c7617aad0fa5ba59fc49f690a851d6afc0178813c49767644dd",
                "sha256:716caa55ebfb82d66f7a5584ad818b349998d9cf7e6282e5eda5fdddf4752742",
                "sha256:91bf4be2477aa7408131ae1a499b1c8904ea8eb1eb3f88412b4809ebe0698868",
                "sha256:d1bd008db1e389d14523345719c30fd0fb3c724b71ae098360c3c8e85b7c560f",
                "sha256:d419a5fb5654f620756ad9883bc3f1db6875f6f2760c367bee775357d1bbb38c",
                "sha256:dc5b097546eeadc3a91eee35a1dbbf876e78ebed83b934c391f0f14605234c76",
                "sha256:de25d893f54e1d50555e4a4babf66d337917499c33c78a24216838b3d2c6bf3b",
                "sha256:e4ad891787ad2f181e7582997520a19912990b5d0644b1fdaae365b6699b953f",
                "sha256:e69ab0def9b053f4ea5800306ff9c671776a2d151ec6b206465309bb468c0bcc",
                "sha256:e9d37b22467e0e4d6f989892a998db5f59ddbf3ab811b515585dfdde9aacc5f9",
                "sha256:ee4471dd1c5ed03f2f46149af351b7a2e6618eced329660f1b4b8bf573422b70"
            ],
            "index": "pypi",
            "version": "==3.0.1"
        },
        "msgpack": {
            "hashes": [
                "sha256:0b3b1773d2693c70598585a34ca2715873ba899565f0a7c9a1545baef7e7fbdc",
                "sha256:0bae5d1538c5c6a75642f75a1781f3ac2275d744a92af1a453c150da3446138b",
                "sha256:0ee8c8c85aa651be3aa0cd005b5931769eaa658c948ce79428766f1bd46ae2c3",
                "sha256:1369f9edba9500c7a6489b70fdfac773e925342f4531f1e3d4c20ac3173b1ae0",
                "sha256:22d9c929d1d539f37da3d1b0e16270fa9d46107beab8c0d4d2bddffffe895cee",
                "sha256:2ff43e3247a1e11d544017bb26f580a68306cec7a6257d8818893c1fda665f42",
                "sha256:31a98047355d34d047fcdb55b09cb19f633cf214c705a765bd745456c142130c",
                "sha256:8767eb0032732c3a0da92cbec5ac186ef89a3258c6edca09161472ca0206c45f",
                "sha256:8acc8910218555044e23826980b950e96685dc48124a290c86f6f41a296ea172",
                "sha256:ab189a6365be1860a5ecf8159c248f12d33f79ea799ae9695fa6a29896dcf1d4",
                "sha256:cfd6535feb0f1cf1c7cdb25773e965cc9f92928244a8c3ef6f8f8a8e1f7ae5c4",
                "sha256:e274cd4480d8c76ec467a85a9c6635bbf2258f0649040560382ab58cabb44bcf",
                "sha256:f86642d60dca13e93260187d56c2bef2487aa4d574a669e8ceefcf9f4c26fd00",
                "sha256:f8a57cbda46a94ed0db55b73e6ab0c15e78b4ede8690fa491a0e55128d552bb0",
                "sha256:fcea97a352416afcbccd7af9625159d80704a25c519c251c734527329bb20d0e"
            ],
            "index": "pypi",
            "version": "==0.5.6"
        },
        "multiprocess": {
            "hashes": [
                "sha256:985d2faa28def907e303b4222b01281d2dcd3baa0fe53a4a0178ac63be62e5c6"
            ],
            "version": "==0.70.6.1"
        },
        "numpy": {
            "hashes": [
                "sha256:0df89ca13c25eaa1621a3f09af4c8ba20da849692dcae184cb55e80952c453fb",
                "sha256:154c35f195fd3e1fad2569930ca51907057ae35e03938f89a8aedae91dd1b7c7",
                "sha256:18e84323cdb8de3325e741a7a8dd4a82db74fde363dce32b625324c7b32aa6d7",
                "sha256:1e8956c37fc138d65ded2d96ab3949bd49038cc6e8a4494b1515b0ba88c91565",
                "sha256:23557bdbca3ccbde3abaa12a6e82299bc92d2b9139011f8c16ca1bb8c75d1e95",
                "sha256:24fd645a5e5d224aa6e39d93e4a722fafa9160154f296fd5ef9580191c755053",
                "sha256:36e36b6868e4440760d4b9b44587ea1dc1f06532858d10abba98e851e154ca70",
                "sha256:3d734559db35aa3697dadcea492a423118c5c55d176da2f3be9c98d4803fc2a7",
                "sha256:416a2070acf3a2b5d586f9a6507bb97e33574df5bd7508ea970bbf4fc563fa52",
                "sha256:4a22dc3f5221a644dfe4a63bf990052cc674ef12a157b1056969079985c92816",
                "sha256:4d8d3e5aa6087490912c14a3c10fbdd380b40b421c13920ff468163bc50e016f",
                "sha256:4f41fd159fba1245e1958a99d349df49c616b133636e0cf668f169bce2aeac2d",
                "sha256:561ef098c50f91fbac2cc9305b68c915e9eb915a74d9038ecf8af274d748f76f",
                "sha256:56994e14b386b5c0a9b875a76d22d707b315fa037affc7819cda08b6d0489756",
                "sha256:73a1f2a529604c50c262179fcca59c87a05ff4614fe8a15c186934d84d09d9a5",
                "sha256:7da99445fd890206bfcc7419f79871ba8e73d9d9e6b82fe09980bc5bb4efc35f",
                "sha256:99d59e0bcadac4aa3280616591fb7bcd560e2218f5e31d5223a2e12a1425d495",
                "sha256:a4cc09489843c70b22e8373ca3dfa52b3fab778b57cf81462f1203b0852e95e3",
                "sha256:a61dc29cfca9831a03442a21d4b5fd77e3067beca4b5f81f1a89a04a71cf93fa",
                "sha256:b1853df739b32fa913cc59ad9137caa9cc3d97ff871e2bbd89c2a2a1d4a69451",
                "sha256:b1f44c335532c0581b77491b7715a871d0dd72e97487ac0f57337ccf3ab3469b",
                "sha256:b261e0cb0d6faa8fd6863af26d30351fd2ffdb15b82e51e81e96b9e9e2e7ba16",
                "sha256:c857ae5dba375ea26a6228f98c195fec0898a0fd91bcf0e8a0cae6d9faf3eca7",
                "sha256:cf5bb4a7d53a71bb6a0144d31df784a973b36d8687d615ef6a7e9b1809917a9b",
                "sha256:db9814ff0457b46f2e1d494c1efa4111ca089e08c8b983635ebffb9c1573361f",
                "sha256:df04f4bad8a359daa2ff74f8108ea051670cafbca533bb2636c58b16e962989e",
                "sha256:ecf81720934a0e18526177e645cbd6a8a21bb0ddc887ff9738de07a1df5c6b61",
                "sha256:edfa6fba9157e0e3be0f40168eb142511012683ac3dc82420bee4a3f3981b30e"
            ],
            "index": "pypi",
            "version": "==1.15.4"
        },
        "obspy": {
            "hashes": [
                "sha256:0a6cf30f19745a532a5d0f285efbabeb9b88814d2e8fe442999b3ae322e1cf0c",
                "sha256:241474720cd4e409ab83b69539bbe9ab9cda1b0c02f6e990a2ef94a8f5af23a0",
                "sha256:43f98e4d61418a12a3d7fde2897649b878b8e4f3d6e90fc6a722d3ab78684b39",
                "sha256:5652b21a3a7dda36084411167242eb6983390619fb77dcd0868fb8dfee28e804",
                "sha256:6de6b6863742d3f5b8f458e3bf5f87627f0d522872869723d12a72eccc50d179",
                "sha256:704c7894d8546f98340178c0067ffb4fd672597addf196a9885e647d03a24ecf",
                "sha256:73705ed9cbe0526609f17aebaa00267692f719d1a64e2cee2bc43f6bee35ae6e",
                "sha256:73cc7fcf2857f76e4efbd62ae1f647942170a131403f5e19bb50e9dc743c3212",
                "sha256:8585c86906647a87489d753573581a44948a18ed2c9d87194a0a67547a229e05",
                "sha256:88a89153789139c5ad63c67683f688fd07fd4a6815801796fb4cb4f6f45a3219",
                "sha256:91564dc2a2ed5cab60e607ab88850cddca80ba0e62d9cee8206b7241f85f4805",
                "sha256:966e69fb462473b0ca775596b91390cbcf96545085fb59cb5334116be0642de2",
                "sha256:a783176303ea816aa87eb3c2ce1080f4d317a1c46e6b38af4e8d3858b8e0fc2c",
                "sha256:b71a59d2ac1b4698c04363f68cfd7ede8dc34d5a35c08b7cc327099e12b6aa6e",
                "sha256:b72b6dedfd65674b82072859c538f77c9647e0f3ed47e5305d99d00f66290fc2",
                "sha256:c323a23e165e1a8b4ea7275be5c30559ff023ff896672582c240c1e857ac915a",
                "sha256:cd4e89b04ce8ddf19a99759ce9101b8cbd43853aa90e1c5179fcb894eb5bb654",
                "sha256:ef48b4e52a8166c35c46775b523899ffaa00658018822103e1ad9f5008050d61"
            ],
            "index": "pypi",
            "version": "==1.1.0"
        },
        "pathos": {
            "hashes": [
                "sha256:69486cfe8c9fbd028395df445e4205ea3001d7ca5608d8d0b67b67ce98bb8892"
            ],
            "index": "pypi",
            "version": "==0.2.2.1"
        },
        "pox": {
            "hashes": [
                "sha256:9c8955d9beed4f9fd509587d17820efe6bc9f9b4a1abe581642aeed9a41784ea"
            ],
            "version": "==0.2.4"
        },
        "ppft": {
            "hashes": [
                "sha256:7e1aa0d74f832f0528234890165f3e64d34b3103ec1db7c93c9e7f2ad8cc18d2"
            ],
            "version": "==1.6.4.8"
        },
        "prometheus-client": {
            "hashes": [
                "sha256:046cb4fffe75e55ff0e6dfd18e2ea16e54d86cc330f369bebcc683475c8b68a9"
            ],
            "index": "pypi",
            "version": "==0.4.2"
        },
        "pymongo": {
            "hashes": [
                "sha256:025f94fc1e1364f00e50badc88c47f98af20012f23317234e51a11333ef986e6",
                "sha256:02aa7fb282606331aefbc0586e2cf540e9dbe5e343493295e7f390936ad2738e",
                "sha256:057210e831573e932702cf332012ed39da78edf0f02d24a3f0b213264a87a397",
                "sha256:0d946b79c56187fe139276d4c8ed612a27a616966c8b9779d6b79e2053587c8b",
                "sha256:104790893b928d310aae8a955e0bdbaa442fb0ac0a33d1bbb0741c791a407778",
                "sha256:15527ef218d95a8717486106553b0d54ff2641e795b65668754e17ab9ca6e381",
                "sha256:1826527a0b032f6e20e7ac7f72d7c26dd476a5e5aa82c04aa1c7088a59fded7d",
                "sha256:22e3aa4ce1c3eebc7f70f9ca7fd4ce1ea33e8bdb7b61996806cd312f08f84a3a",
                "sha256:244e1101e9a48615b9a16cbd194f73c115fdfefc96894803158608115f703b26",
                "sha256:24b8c04fdb633a84829d03909752c385faef249c06114cc8d8e1700b95aae5c8",
                "sha256:2c276696350785d3104412cbe3ac70ab1e3a10c408e7b20599ee41403a3ed630",
                "sha256:2d8474dc833b1182b651b184ace997a7bd83de0f51244de988d3c30e49f07de3",
                "sha256:3119b57fe1d964781e91a53e81532c85ed1701baaddec592e22f6b77a9fdf3df",
                "sha256:3bee8e7e0709b0fcdaa498a3e513bde9ffc7cd09dbceb11e425bd91c89dbd5b6",
                "sha256:436c071e01a464753d30dbfc8768dd93aecf2a8e378e5314d130b95e77b4d612",
                "sha256:46635e3f19ad04d5a7d7cf23d232388ddbfccf46d9a3b7436b6abadda4e84813",
                "sha256:4772e0b679717e7ac4608d996f57b6f380748a919b457cb05bb941467b888b22",
                "sha256:4e2cd80e16f481a62c3175b607373200e714ed29025f21559ebf7524f295689f",
                "sha256:52732960efa0e003ca1c092dc0a3c65276e897681287a788a01ca78dda3b41f0",
                "sha256:55a7de51ec7d1731b2431886d0349146645f2816e5b8eb982d7c49f89472c9f3",
                "sha256:5f8ed5934197a2d4b2087646e98de3e099a237099dcf498b9e38dd3465f74ef4",
                "sha256:64b064124fcbc8eb04a155117dc4d9a336e3cda3f069958fbc44fe70c3c3d1e9",
                "sha256:65958b8e4319f992e85dad59d8081888b97fcdbde5f0d14bc28f2848b92d3ef1",
                "sha256:7683428862e20c6a790c19e64f8ccf487f613fbc83d47e3d532df9c81668d451",
                "sha256:78566d5570c75a127c2491e343dc006798a384f06be588fe9b0cbe5595711559",
                "sha256:7d1cb00c093dbf1d0b16ccf123e79dee3b82608e4a2a88947695f0460eef13ff",
                "sha256:8c74e2a9b594f7962c62cef7680a4cb92a96b4e6e3c2f970790da67cc0213a7e",
                "sha256:8e60aa7699170f55f4b0f56ee6f8415229777ac7e4b4b1aa41fc61eec08c1f1d",
                "sha256:9447b561529576d89d3bf973e5241a88cf76e45bd101963f5236888713dea774",
                "sha256:970055bfeb0be373f2f5299a3db8432444bad3bc2f198753ee6c2a3a781e0959",
                "sha256:a6344b8542e584e140dc3c651d68bde51270e79490aa9320f9e708f9b2c39bd5",
                "sha256:ce309ca470d747b02ba6069d286a17b7df8e9c94d10d727d9cf3a64e51d85184",
                "sha256:cfbd86ed4c2b2ac71bbdbcea6669bf295def7152e3722ddd9dda94ac7981f33d",
                "sha256:d7929c513732dff093481f4a0954ed5ff16816365842136b17caa0b4992e49d3"
            ],
            "index": "pypi",
            "version": "==3.7.2"
        },
        "pyparsing": {
            "hashes": [
                "sha256:40856e74d4987de5d01761a22d1621ae1c7f8774585acae358aa5c5936c6c90b",
                "sha256:f353aab21fd474459d97b709e527b5571314ee5f067441dc9f88e33eecd96592"
            ],
            "index": "pypi",
            "version": "==2.3.0"
        },
        "python-dateutil": {
            "hashes": [
                "sha256:063df5763652e21de43de7d9e00ccf239f953a832941e37be541614732cdfc93",
                "sha256:88f9287c0174266bb0d8cedd395cfba9c58e87e5ad86b2ce58859bc11be3cf02"
            ],
            "version": "==2.7.5"
        },
        "pytz": {
            "hashes": [
                "sha256:31cb35c89bd7d333cd32c5f278fca91b523b0834369e757f4c5641ea252236ca",
                "sha256:8e0f8568c118d3077b46be7d654cc8167fa916092e28320cde048e54bfc9f1e6"
            ],
            "index": "pypi",
            "version": "==2018.7"
        },
        "pyyaml": {
            "hashes": [
                "sha256:3d7da3009c0f3e783b2c873687652d83b1bbfd5c88e9813fb7e5b03c0dd3108b",
                "sha256:3ef3092145e9b70e3ddd2c7ad59bdd0252a94dfe3949721633e41344de00a6bf",
                "sha256:40c71b8e076d0550b2e6380bada1f1cd1017b882f7e16f09a65be98e017f211a",
                "sha256:558dd60b890ba8fd982e05941927a3911dc409a63dcb8b634feaa0cda69330d3",
                "sha256:a7c28b45d9f99102fa092bb213aa12e0aaf9a6a1f5e395d36166639c1f96c3a1",
                "sha256:aa7dd4a6a427aed7df6fb7f08a580d68d9b118d90310374716ae90b710280af1",
                "sha256:bc558586e6045763782014934bfaf39d48b8ae85a2713117d16c39864085c613",
                "sha256:d46d7982b62e0729ad0175a9bc7e10a566fc07b224d2c79fafb5e032727eaa04",
                "sha256:d5eef459e30b09f5a098b9cea68bebfeb268697f78d647bd255a085371ac7f3f",
                "sha256:e01d3203230e1786cd91ccfdc8f8454c8069c91bee3962ad93b87a4b2860f537",
                "sha256:e170a9e6fcfd19021dd29845af83bb79236068bf5fd4df3327c1be18182b2531"
            ],
            "index": "pypi",
            "version": "==3.13"
        },
        "requests": {
            "hashes": [
                "sha256:99dcfdaaeb17caf6e526f32b6a7b780461512ab3f1d992187801694cba42770c",
                "sha256:a84b8c9ab6239b578f22d1c21d51b696dcfe004032bb80ea832398d6909d7279"
            ],
            "version": "==2.20.0"
        },
        "scikit-fmm": {
            "hashes": [
                "sha256:7e8ac7d9d90139758fe8cdf519cab95e62095eeecb6356f41b7f89017f264ea4"
            ],
            "index": "pypi",
            "version": "==0.0.9"
        },
        "scipy": {
            "hashes": [
                "sha256:0611ee97296265af4a21164a5323f8c1b4e8e15c582d3dfa7610825900136bb7",
                "sha256:08237eda23fd8e4e54838258b124f1cd141379a5f281b0a234ca99b38918c07a",
                "sha256:0e645dbfc03f279e1946cf07c9c754c2a1859cb4a41c5f70b25f6b3a586b6dbd",
                "sha256:0e9bb7efe5f051ea7212555b290e784b82f21ffd0f655405ac4f87e288b730b3",
                "sha256:108c16640849e5827e7d51023efb3bd79244098c3f21e4897a1007720cb7ce37",
                "sha256:340ef70f5b0f4e2b4b43c8c8061165911bc6b2ad16f8de85d9774545e2c47463",
                "sha256:3ad73dfc6f82e494195144bd3a129c7241e761179b7cb5c07b9a0ede99c686f3",
                "sha256:3b243c77a822cd034dad53058d7c2abf80062aa6f4a32e9799c95d6391558631",
                "sha256:404a00314e85eca9d46b80929571b938e97a143b4f2ddc2b2b3c91a4c4ead9c5",
                "sha256:423b3ff76957d29d1cce1bc0d62ebaf9a3fdfaf62344e3fdec14619bb7b5ad3a",
                "sha256:42d9149a2fff7affdd352d157fa5717033767857c11bd55aa4a519a44343dfef",
                "sha256:625f25a6b7d795e8830cb70439453c9f163e6870e710ec99eba5722775b318f3",
                "sha256:698c6409da58686f2df3d6f815491fd5b4c2de6817a45379517c92366eea208f",
                "sha256:729f8f8363d32cebcb946de278324ab43d28096f36593be6281ca1ee86ce6559",
                "sha256:8190770146a4c8ed5d330d5b5ad1c76251c63349d25c96b3094875b930c44692",
                "sha256:878352408424dffaa695ffedf2f9f92844e116686923ed9aa8626fc30d32cfd1",
                "sha256:8b984f0821577d889f3c7ca8445564175fb4ac7c7f9659b7c60bef95b2b70e76",
                "sha256:8f841bbc21d3dad2111a94c490fb0a591b8612ffea86b8e5571746ae76a3deac",
                "sha256:c22b27371b3866c92796e5d7907e914f0e58a36d3222c5d436ddd3f0e354227a",
                "sha256:d0cdd5658b49a722783b8b4f61a6f1f9c75042d0e29a30ccb6cacc9b25f6d9e2",
                "sha256:d40dc7f494b06dcee0d303e51a00451b2da6119acbeaccf8369f2d29e28917ac",
                "sha256:d8491d4784aceb1f100ddb8e31239c54e4afab8d607928a9f7ef2469ec35ae01",
                "sha256:dfc5080c38dde3f43d8fbb9c0539a7839683475226cf83e4b24363b227dfe552",
                "sha256:e24e22c8d98d3c704bb3410bce9b69e122a8de487ad3dbfe9985d154e5c03a40",
                "sha256:e7a01e53163818d56eabddcafdc2090e9daba178aad05516b20c6591c4811020",
                "sha256:ee677635393414930541a096fc8e61634304bb0153e4e02b75685b11eba14cae",
                "sha256:f0521af1b722265d824d6ad055acfe9bd3341765735c44b5a4d0069e189a0f40",
                "sha256:f25c281f12c0da726c6ed00535ca5d1622ec755c30a3f8eafef26cf43fede694"
            ],
            "index": "pypi",
            "version": "==1.1.0"
        },
        "six": {
            "hashes": [
                "sha256:70e8a77beed4562e7f14fe23a786b54f6296e34344c23bc42f07b15018ff98e9",
                "sha256:832dc0e10feb1aa2c68dcc57dbb658f1c7e65b9b61af69048abc87a2db00a0eb"
            ],
            "version": "==1.11.0"
        },
        "sqlalchemy": {
            "hashes": [
                "sha256:84412de3794acee05630e7788f25e80e81f78eb4837e7b71d0499129f660486a"
            ],
            "version": "==1.2.13"
        },
        "toolz": {
            "hashes": [
                "sha256:929f0a7ea7f61c178bd951bdae93920515d3fbdbafc8e6caf82d752b9b3b31c9"
            ],
            "index": "pypi",
            "version": "==0.9.0"
        },
        "urllib3": {
            "hashes": [
                "sha256:61bf29cada3fc2fbefad4fdf059ea4bd1b4a86d2b6d15e1c7c0b582b9752fe39",
                "sha256:de9529817c93f27c8ccbfead6985011db27bd0ddfcdb2d86f3f663385c6a9c22"
            ],
            "version": "==1.24.1"
        }
    },
    "develop": {}
}
